
Microsoft Visual Studio Solution File, Format Version 12.00
# Visual Studio 14
VisualStudioVersion = 14.0.25420.1
MinimumVisualStudioVersion = 10.0.40219.1
Project("{FAE04EC0-301F-11D3-BF4B-00C04F79EFBC}") = "1", "1\1.csproj", "{198140EE-8140-4EEB-A16E-2D171E8B3D4E}"
EndProject
Project("{FAE04EC0-301F-11D3-BF4B-00C04F79EFBC}") = "2", "2\2.csproj", "{9D72B9B1-1A09-45D5-B0A7-21FC2D7A4C71}"
EndProject
Project("{FAE04EC0-301F-11D3-BF4B-00C04F79EFBC}") = "3", "3\3.csproj", "{3B906E39-F40D-4B5E-BD0E-1061FB057815}"
EndProject
Project("{FAE04EC0-301F-11D3-BF4B-00C04F79EFBC}") = "4", "4\4.csproj", "{3F480250-735B-40DB-A0C6-B031DC74FD30}"
EndProject
Project("{FAE04EC0-301F-11D3-BF4B-00C04F79EFBC}") = "5", "5\5.csproj", "{F25C8FCD-ABA9-45CF-AE39-ED09938DF4D0}"
EndProject
Project("{FAE04EC0-301F-11D3-BF4B-00C04F79EFBC}") = "6", "6\6.csproj", "{B838984A-9751-46A5-A64B-B3257CC5AF16}"
EndProject
Project("{FAE04EC0-301F-11D3-BF4B-00C04F79EFBC}") = "7", "7\7.csproj", "{16E62A87-B70A-4EB7-B634-F76220F1C1A1}"
EndProject
Project("{FAE04EC0-301F-11D3-BF4B-00C04F79EFBC}") = "8", "8.\8.csproj", "{E226DBC2-B46A-427B-AA8C-40AFB8E5BC15}"
EndProject
Project("{FAE04EC0-301F-11D3-BF4B-00C04F79EFBC}") = "9", "9.\9.csproj", "{FA546AE9-FDCD-43D5-9518-8117F1E8AB85}"
EndProject
Project("{FAE04EC0-301F-11D3-BF4B-00C04F79EFBC}") = "10", "10.\10.csproj", "{FEB40415-2CE7-423C-9A93-84ABC1693E4E}"
EndProject
Project("{FAE04EC0-301F-11D3-BF4B-00C04F79EFBC}") = "11", "11.\11.csproj", "{869CC79C-719E-4EFD-AB60-5895C3CDE520}"
EndProject
Project("{FAE04EC0-301F-11D3-BF4B-00C04F79EFBC}") = "12", "12.\12.csproj", "{BF8E6FD9-D75D-4D29-8905-DC834E5057F8}"
EndProject
Project("{FAE04EC0-301F-11D3-BF4B-00C04F79EFBC}") = "13", "13.\13.csproj", "{C61998A9-9B4B-4462-A08B-FCC2DD22D7DA}"
EndProject
Project("{FAE04EC0-301F-11D3-BF4B-00C04F79EFBC}") = "14", "14.\14.csproj", "{6D48842C-E6EE-4223-8469-CDD40D9E460A}"
EndProject
Project("{FAE04EC0-301F-11D3-BF4B-00C04F79EFBC}") = "15", "15.\15.csproj", "{8ADCDCAF-A267-4B3D-A644-84F09D1CE64C}"
EndProject
Project("{FAE04EC0-301F-11D3-BF4B-00C04F79EFBC}") = "16", "16.\16.csproj", "{38CF4325-BE5A-4023-9F68-1F96C4383CA7}"
EndProject
Project("{FAE04EC0-301F-11D3-BF4B-00C04F79EFBC}") = "17", "17.\17.csproj", "{44EA9574-92AF-4C09-AC05-8CB96C4103F3}"
EndProject
Project("{FAE04EC0-301F-11D3-BF4B-00C04F79EFBC}") = "18", "18.\18.csproj", "{005D0D27-F9A6-4AF1-8884-BF92FB0807BB}"
EndProject
Project("{FAE04EC0-301F-11D3-BF4B-00C04F79EFBC}") = "19", "19.\19.csproj", "{FE0F3E71-A30A-4818-84EF-37AAD85060A7}"
EndProject
Global
	GlobalSection(SolutionConfigurationPlatforms) = preSolution
		Debug|Any CPU = Debug|Any CPU
		Release|Any CPU = Release|Any CPU
	EndGlobalSection
	GlobalSection(ProjectConfigurationPlatforms) = postSolution
		{198140EE-8140-4EEB-A16E-2D171E8B3D4E}.Debug|Any CPU.ActiveCfg = Debug|Any CPU
		{198140EE-8140-4EEB-A16E-2D171E8B3D4E}.Debug|Any CPU.Build.0 = Debug|Any CPU
		{198140EE-8140-4EEB-A16E-2D171E8B3D4E}.Release|Any CPU.ActiveCfg = Release|Any CPU
		{198140EE-8140-4EEB-A16E-2D171E8B3D4E}.Release|Any CPU.Build.0 = Release|Any CPU
		{9D72B9B1-1A09-45D5-B0A7-21FC2D7A4C71}.Debug|Any CPU.ActiveCfg = Debug|Any CPU
		{9D72B9B1-1A09-45D5-B0A7-21FC2D7A4C71}.Debug|Any CPU.Build.0 = Debug|Any CPU
		{9D72B9B1-1A09-45D5-B0A7-21FC2D7A4C71}.Release|Any CPU.ActiveCfg = Release|Any CPU
		{9D72B9B1-1A09-45D5-B0A7-21FC2D7A4C71}.Release|Any CPU.Build.0 = Release|Any CPU
		{3B906E39-F40D-4B5E-BD0E-1061FB057815}.Debug|Any CPU.ActiveCfg = Debug|Any CPU
		{3B906E39-F40D-4B5E-BD0E-1061FB057815}.Debug|Any CPU.Build.0 = Debug|Any CPU
		{3B906E39-F40D-4B5E-BD0E-1061FB057815}.Release|Any CPU.ActiveCfg = Release|Any CPU
		{3B906E39-F40D-4B5E-BD0E-1061FB057815}.Release|Any CPU.Build.0 = Release|Any CPU
		{3F480250-735B-40DB-A0C6-B031DC74FD30}.Debug|Any CPU.ActiveCfg = Debug|Any CPU
		{3F480250-735B-40DB-A0C6-B031DC74FD30}.Debug|Any CPU.Build.0 = Debug|Any CPU
		{3F480250-735B-40DB-A0C6-B031DC74FD30}.Release|Any CPU.ActiveCfg = Release|Any CPU
		{3F480250-735B-40DB-A0C6-B031DC74FD30}.Release|Any CPU.Build.0 = Release|Any CPU
		{F25C8FCD-ABA9-45CF-AE39-ED09938DF4D0}.Debug|Any CPU.ActiveCfg = Debug|Any CPU
		{F25C8FCD-ABA9-45CF-AE39-ED09938DF4D0}.Debug|Any CPU.Build.0 = Debug|Any CPU
		{F25C8FCD-ABA9-45CF-AE39-ED09938DF4D0}.Release|Any CPU.ActiveCfg = Release|Any CPU
		{F25C8FCD-ABA9-45CF-AE39-ED09938DF4D0}.Release|Any CPU.Build.0 = Release|Any CPU
		{B838984A-9751-46A5-A64B-B3257CC5AF16}.Debug|Any CPU.ActiveCfg = Debug|Any CPU
		{B838984A-9751-46A5-A64B-B3257CC5AF16}.Debug|Any CPU.Build.0 = Debug|Any CPU
		{B838984A-9751-46A5-A64B-B3257CC5AF16}.Release|Any CPU.ActiveCfg = Release|Any CPU
		{B838984A-9751-46A5-A64B-B3257CC5AF16}.Release|Any CPU.Build.0 = Release|Any CPU
		{16E62A87-B70A-4EB7-B634-F76220F1C1A1}.Debug|Any CPU.ActiveCfg = Debug|Any CPU
		{16E62A87-B70A-4EB7-B634-F76220F1C1A1}.Debug|Any CPU.Build.0 = Debug|Any CPU
		{16E62A87-B70A-4EB7-B634-F76220F1C1A1}.Release|Any CPU.ActiveCfg = Release|Any CPU
		{16E62A87-B70A-4EB7-B634-F76220F1C1A1}.Release|Any CPU.Build.0 = Release|Any CPU
		{E226DBC2-B46A-427B-AA8C-40AFB8E5BC15}.Debug|Any CPU.ActiveCfg = Debug|Any CPU
		{E226DBC2-B46A-427B-AA8C-40AFB8E5BC15}.Debug|Any CPU.Build.0 = Debug|Any CPU
		{E226DBC2-B46A-427B-AA8C-40AFB8E5BC15}.Release|Any CPU.ActiveCfg = Release|Any CPU
		{E226DBC2-B46A-427B-AA8C-40AFB8E5BC15}.Release|Any CPU.Build.0 = Release|Any CPU
		{FA546AE9-FDCD-43D5-9518-8117F1E8AB85}.Debug|Any CPU.ActiveCfg = Debug|Any CPU
		{FA546AE9-FDCD-43D5-9518-8117F1E8AB85}.Debug|Any CPU.Build.0 = Debug|Any CPU
		{FA546AE9-FDCD-43D5-9518-8117F1E8AB85}.Release|Any CPU.ActiveCfg = Release|Any CPU
		{FA546AE9-FDCD-43D5-9518-8117F1E8AB85}.Release|Any CPU.Build.0 = Release|Any CPU
		{FEB40415-2CE7-423C-9A93-84ABC1693E4E}.Debug|Any CPU.ActiveCfg = Debug|Any CPU
		{FEB40415-2CE7-423C-9A93-84ABC1693E4E}.Debug|Any CPU.Build.0 = Debug|Any CPU
		{FEB40415-2CE7-423C-9A93-84ABC1693E4E}.Release|Any CPU.ActiveCfg = Release|Any CPU
		{FEB40415-2CE7-423C-9A93-84ABC1693E4E}.Release|Any CPU.Build.0 = Release|Any CPU
		{869CC79C-719E-4EFD-AB60-5895C3CDE520}.Debug|Any CPU.ActiveCfg = Debug|Any CPU
		{869CC79C-719E-4EFD-AB60-5895C3CDE520}.Debug|Any CPU.Build.0 = Debug|Any CPU
		{869CC79C-719E-4EFD-AB60-5895C3CDE520}.Release|Any CPU.ActiveCfg = Release|Any CPU
		{869CC79C-719E-4EFD-AB60-5895C3CDE520}.Release|Any CPU.Build.0 = Release|Any CPU
		{BF8E6FD9-D75D-4D29-8905-DC834E5057F8}.Debug|Any CPU.ActiveCfg = Debug|Any CPU
		{BF8E6FD9-D75D-4D29-8905-DC834E5057F8}.Debug|Any CPU.Build.0 = Debug|Any CPU
		{BF8E6FD9-D75D-4D29-8905-DC834E5057F8}.Release|Any CPU.ActiveCfg = Release|Any CPU
		{BF8E6FD9-D75D-4D29-8905-DC834E5057F8}.Release|Any CPU.Build.0 = Release|Any CPU
		{C61998A9-9B4B-4462-A08B-FCC2DD22D7DA}.Debug|Any CPU.ActiveCfg = Debug|Any CPU
		{C61998A9-9B4B-4462-A08B-FCC2DD22D7DA}.Debug|Any CPU.Build.0 = Debug|Any CPU
		{C61998A9-9B4B-4462-A08B-FCC2DD22D7DA}.Release|Any CPU.ActiveCfg = Release|Any CPU
		{C61998A9-9B4B-4462-A08B-FCC2DD22D7DA}.Release|Any CPU.Build.0 = Release|Any CPU
		{6D48842C-E6EE-4223-8469-CDD40D9E460A}.Debug|Any CPU.ActiveCfg = Debug|Any CPU
		{6D48842C-E6EE-4223-8469-CDD40D9E460A}.Debug|Any CPU.Build.0 = Debug|Any CPU
		{6D48842C-E6EE-4223-8469-CDD40D9E460A}.Release|Any CPU.ActiveCfg = Release|Any CPU
		{6D48842C-E6EE-4223-8469-CDD40D9E460A}.Release|Any CPU.Build.0 = Release|Any CPU
		{8ADCDCAF-A267-4B3D-A644-84F09D1CE64C}.Debug|Any CPU.ActiveCfg = Debug|Any CPU
		{8ADCDCAF-A267-4B3D-A644-84F09D1CE64C}.Debug|Any CPU.Build.0 = Debug|Any CPU
		{8ADCDCAF-A267-4B3D-A644-84F09D1CE64C}.Release|Any CPU.ActiveCfg = Release|Any CPU
		{8ADCDCAF-A267-4B3D-A644-84F09D1CE64C}.Release|Any CPU.Build.0 = Release|Any CPU
		{38CF4325-BE5A-4023-9F68-1F96C4383CA7}.Debug|Any CPU.ActiveCfg = Debug|Any CPU
		{38CF4325-BE5A-4023-9F68-1F96C4383CA7}.Debug|Any CPU.Build.0 = Debug|Any CPU
		{38CF4325-BE5A-4023-9F68-1F96C4383CA7}.Release|Any CPU.ActiveCfg = Release|Any CPU
		{38CF4325-BE5A-4023-9F68-1F96C4383CA7}.Release|Any CPU.Build.0 = Release|Any CPU
		{44EA9574-92AF-4C09-AC05-8CB96C4103F3}.Debug|Any CPU.ActiveCfg = Debug|Any CPU
		{44EA9574-92AF-4C09-AC05-8CB96C4103F3}.Debug|Any CPU.Build.0 = Debug|Any CPU
		{44EA9574-92AF-4C09-AC05-8CB96C4103F3}.Release|Any CPU.ActiveCfg = Release|Any CPU
		{44EA9574-92AF-4C09-AC05-8CB96C4103F3}.Release|Any CPU.Build.0 = Release|Any CPU
		{005D0D27-F9A6-4AF1-8884-BF92FB0807BB}.Debug|Any CPU.ActiveCfg = Debug|Any CPU
		{005D0D27-F9A6-4AF1-8884-BF92FB0807BB}.Debug|Any CPU.Build.0 = Debug|Any CPU
		{005D0D27-F9A6-4AF1-8884-BF92FB0807BB}.Release|Any CPU.ActiveCfg = Release|Any CPU
		{005D0D27-F9A6-4AF1-8884-BF92FB0807BB}.Release|Any CPU.Build.0 = Release|Any CPU
		{FE0F3E71-A30A-4818-84EF-37AAD85060A7}.Debug|Any CPU.ActiveCfg = Debug|Any CPU
		{FE0F3E71-A30A-4818-84EF-37AAD85060A7}.Debug|Any CPU.Build.0 = Debug|Any CPU
		{FE0F3E71-A30A-4818-84EF-37AAD85060A7}.Release|Any CPU.ActiveCfg = Release|Any CPU
		{FE0F3E71-A30A-4818-84EF-37AAD85060A7}.Release|Any CPU.Build.0 = Release|Any CPU
	EndGlobalSection
	GlobalSection(SolutionProperties) = preSolution
		HideSolutionNode = FALSE
	EndGlobalSection
EndGlobal
